Microsoft Visual Studio Solution File, Format Version 12.00
# Visual Studio 15
VisualStudioVersion = 15.0.27130.2020
MinimumVisualStudioVersion = 10.0.40219.1
Project("{9A19103F-16F7-4668-BE54-9A1E7A4F7556}") = "NeoSQLDB", "NeoSQLDB\NeoSQLDB.csproj", "{15E7C5F3-F013-4011-8D00-E56D87F8D0CC}"
EndProject
Project("{9A19103F-16F7-4668-BE54-9A1E7A4F7556}") = "BLL", "BLL\BLL.csproj", "{B3468B63-D360-4F70-8CF7-D560F6E8B2B6}"
EndProject
Project("{9A19103F-16F7-4668-BE54-9A1E7A4F7556}") = "DAL", "DAL\DAL.csproj", "{AD677014-B9AE-46F6-91BF-9CBD8012EC31}"
EndProject
Project("{9A19103F-16F7-4668-BE54-9A1E7A4F7556}") = "NAL", "NAL\NAL.csproj", "{1A98BEA5-1DC8-4F0A-A940-6A720F8AB24B}"
EndProject
Project("{00D1A9C2-B5F0-4AF3-8072-F6C62B433612}") = "NeoSQLDBSchema", "NeoSQLDBSchema\NeoSQLDBSchema.sqlproj", "{9F8B666C-560C-46DD-B162-80BCCEABC6F2}"
EndProject
Global
	GlobalSection(SolutionConfigurationPlatforms) = preSolution
		Debug|Any CPU = Debug|Any CPU
		Release|Any CPU = Release|Any CPU
	EndGlobalSection
	GlobalSection(ProjectConfigurationPlatforms) = postSolution
		{9F8B666C-560C-46DD-B162-80BCCEABC6F2}.Debug|Any CPU.ActiveCfg = Debug|Any CPU
		{9F8B666C-560C-46DD-B162-80BCCEABC6F2}.Debug|Any CPU.Build.0 = Debug|Any CPU
		{9F8B666C-560C-46DD-B162-80BCCEABC6F2}.Debug|Any CPU.Deploy.0 = Debug|Any CPU
		{9F8B666C-560C-46DD-B162-80BCCEABC6F2}.Release|Any CPU.ActiveCfg = Release|Any CPU
		{9F8B666C-560C-46DD-B162-80BCCEABC6F2}.Release|Any CPU.Build.0 = Release|Any CPU
		{9F8B666C-560C-46DD-B162-80BCCEABC6F2}.Release|Any CPU.Deploy.0 = Release|Any CPU
		{B3468B63-D360-4F70-8CF7-D560F6E8B2B6}.Debug|Any CPU.ActiveCfg = Debug|Any CPU
		{B3468B63-D360-4F70-8CF7-D560F6E8B2B6}.Debug|Any CPU.Build.0 = Debug|Any CPU
		{B3468B63-D360-4F70-8CF7-D560F6E8B2B6}.Release|Any CPU.ActiveCfg = Release|Any CPU
		{B3468B63-D360-4F70-8CF7-D560F6E8B2B6}.Release|Any CPU.Build.0 = Release|Any CPU
		{AD677014-B9AE-46F6-91BF-9CBD8012EC31}.Debug|Any CPU.ActiveCfg = Debug|Any CPU
		{AD677014-B9AE-46F6-91BF-9CBD8012EC31}.Debug|Any CPU.Build.0 = Debug|Any CPU
		{AD677014-B9AE-46F6-91BF-9CBD8012EC31}.Release|Any CPU.ActiveCfg = Release|Any CPU
		{AD677014-B9AE-46F6-91BF-9CBD8012EC31}.Release|Any CPU.Build.0 = Release|Any CPU
		{1A98BEA5-1DC8-4F0A-A940-6A720F8AB24B}.Debug|Any CPU.ActiveCfg = Debug|Any CPU
		{1A98BEA5-1DC8-4F0A-A940-6A720F8AB24B}.Debug|Any CPU.Build.0 = Debug|Any CPU
		{1A98BEA5-1DC8-4F0A-A940-6A720F8AB24B}.Release|Any CPU.ActiveCfg = Release|Any CPU
		{1A98BEA5-1DC8-4F0A-A940-6A720F8AB24B}.Release|Any CPU.Build.0 = Release|Any CPU
		{15E7C5F3-F013-4011-8D00-E56D87F8D0CC}.Debug|Any CPU.ActiveCfg = Debug|Any CPU
		{15E7C5F3-F013-4011-8D00-E56D87F8D0CC}.Debug|Any CPU.Build.0 = Debug|Any CPU
		{15E7C5F3-F013-4011-8D00-E56D87F8D0CC}.Release|Any CPU.ActiveCfg = Release|Any CPU
		{15E7C5F3-F013-4011-8D00-E56D87F8D0CC}.Release|Any CPU.Build.0 = Release|Any CPU
	EndGlobalSection
	GlobalSection(SolutionProperties) = preSolution
		HideSolutionNode = FALSE
	EndGlobalSection
	GlobalSection(ExtensibilityGlobals) = postSolution
		SolutionGuid = {160B5615-10B9-4ABB-8867-196000F232F2}
	EndGlobalSection
EndGlobal
